[root]
name = "mpw"
version = "0.0.1"
dependencies = [
 "byteorder 1.0.0 (registry+https://github.com/rust-lang/crates.io-index)",
 "clap 2.19.3 (registry+https://github.com/rust-lang/crates.io-index)",
 "data-encoding 1.1.2 (registry+https://github.com/rust-lang/crates.io-index)",
 "errno 0.2.1 (registry+https://github.com/rust-lang/crates.io-index)",
 "lazy_static 0.2.2 (registry+https://github.com/rust-lang/crates.io-index)",
 "libc 0.2.19 (registry+https://github.com/rust-lang/crates.io-index)",
 "ring 0.6.1 (registry+https://github.com/rust-lang/crates.io-index)",
 "ring-pwhash 0.1.1 (registry+https://github.com/rust-lang/crates.io-index)",
 "rpassword 0.3.0 (registry+https://github.com/rust-lang/crates.io-index)",
 "serde 0.8.21 (registry+https://github.com/rust-lang/crates.io-index)",
 "serde_derive 0.8.21 (registry+https://github.com/rust-lang/crates.io-index)",
 "toml 0.2.1 (registry+https://github.com/rust-lang/crates.io-index)",
]

[[package]]
name = "ansi_term"
version = "0.9.0"
source = "registry+https://github.com/rust-lang/crates.io-index"

[[package]]
name = "bitflags"
version = "0.7.0"
source = "registry+https://github.com/rust-lang/crates.io-index"

[[package]]
name = "byteorder"
version = "1.0.0"
source = "registry+https://github.com/rust-lang/crates.io-index"

[[package]]
name = "clap"
version = "2.19.3"
source = "registry+https://github.com/rust-lang/crates.io-index"
dependencies = [
 "ansi_term 0.9.0 (registry+https://github.com/rust-lang/crates.io-index)",
 "bitflags 0.7.0 (registry+https://github.com/rust-lang/crates.io-index)",
 "libc 0.2.19 (registry+https://github.com/rust-lang/crates.io-index)",
 "strsim 0.5.2 (registry+https://github.com/rust-lang/crates.io-index)",
 "term_size 0.2.1 (registry+https://github.com/rust-lang/crates.io-index)",
 "unicode-segmentation 0.1.3 (registry+https://github.com/rust-lang/crates.io-index)",
 "unicode-width 0.1.4 (registry+https://github.com/rust-lang/crates.io-index)",
 "vec_map 0.6.0 (registry+https://github.com/rust-lang/crates.io-index)",
]

[[package]]
name = "data-encoding"
version = "1.1.2"
source = "registry+https://github.com/rust-lang/crates.io-index"

[[package]]
name = "errno"
version = "0.2.1"
source = "registry+https://github.com/rust-lang/crates.io-index"
dependencies = [
 "kernel32-sys 0.2.2 (registry+https://github.com/rust-lang/crates.io-index)",
 "libc 0.2.19 (registry+https://github.com/rust-lang/crates.io-index)",
 "winapi 0.2.8 (registry+https://github.com/rust-lang/crates.io-index)",
]

[[package]]
name = "kernel32-sys"
version = "0.2.2"
source = "registry+https://github.com/rust-lang/crates.io-index"
dependencies = [
 "winapi 0.2.8 (registry+https://github.com/rust-lang/crates.io-index)",
 "winapi-build 0.1.1 (registry+https://github.com/rust-lang/crates.io-index)",
]

[[package]]
name = "lazy_static"
version = "0.2.2"
source = "registry+https://github.com/rust-lang/crates.io-index"

[[package]]
name = "libc"
version = "0.2.19"
source = "registry+https://github.com/rust-lang/crates.io-index"

[[package]]
name = "quote"
version = "0.3.10"
source = "registry+https://github.com/rust-lang/crates.io-index"

[[package]]
name = "ring"
version = "0.6.1"
source = "registry+https://github.com/rust-lang/crates.io-index"
dependencies = [
 "lazy_static 0.2.2 (registry+https://github.com/rust-lang/crates.io-index)",
 "untrusted 0.3.2 (registry+https://github.com/rust-lang/crates.io-index)",
]

[[package]]
name = "ring-pwhash"
version = "0.1.1"
source = "registry+https://github.com/rust-lang/crates.io-index"
dependencies = [
 "libc 0.2.19 (registry+https://github.com/rust-lang/crates.io-index)",
 "ring 0.6.1 (registry+https://github.com/rust-lang/crates.io-index)",
 "rustc-serialize 0.3.22 (registry+https://github.com/rust-lang/crates.io-index)",
]

[[package]]
name = "rpassword"
version = "0.3.0"
source = "registry+https://github.com/rust-lang/crates.io-index"
dependencies = [
 "kernel32-sys 0.2.2 (registry+https://github.com/rust-lang/crates.io-index)",
 "libc 0.2.19 (registry+https://github.com/rust-lang/crates.io-index)",
 "termios 0.2.2 (registry+https://github.com/rust-lang/crates.io-index)",
 "winapi 0.2.8 (registry+https://github.com/rust-lang/crates.io-index)",
]

[[package]]
name = "rustc-serialize"
version = "0.3.22"
source = "registry+https://github.com/rust-lang/crates.io-index"

[[package]]
name = "serde"
version = "0.8.21"
source = "registry+https://github.com/rust-lang/crates.io-index"

[[package]]
name = "serde_codegen"
version = "0.8.21"
source = "registry+https://github.com/rust-lang/crates.io-index"
dependencies = [
 "quote 0.3.10 (registry+https://github.com/rust-lang/crates.io-index)",
 "serde_codegen_internals 0.11.3 (registry+https://github.com/rust-lang/crates.io-index)",
 "syn 0.10.6 (registry+https://github.com/rust-lang/crates.io-index)",
]

[[package]]
name = "serde_codegen_internals"
version = "0.11.3"
source = "registry+https://github.com/rust-lang/crates.io-index"
dependencies = [
 "syn 0.10.6 (registry+https://github.com/rust-lang/crates.io-index)",
]

[[package]]
name = "serde_derive"
version = "0.8.21"
source = "registry+https://github.com/rust-lang/crates.io-index"
dependencies = [
 "serde_codegen 0.8.21 (registry+https://github.com/rust-lang/crates.io-index)",
]

[[package]]
name = "strsim"
version = "0.5.2"
source = "registry+https://github.com/rust-lang/crates.io-index"

[[package]]
name = "syn"
version = "0.10.6"
source = "registry+https://github.com/rust-lang/crates.io-index"
dependencies = [
 "quote 0.3.10 (registry+https://github.com/rust-lang/crates.io-index)",
 "unicode-xid 0.0.3 (registry+https://github.com/rust-lang/crates.io-index)",
]

[[package]]
name = "term_size"
version = "0.2.1"
source = "registry+https://github.com/rust-lang/crates.io-index"
dependencies = [
 "kernel32-sys 0.2.2 (registry+https://github.com/rust-lang/crates.io-index)",
 "libc 0.2.19 (registry+https://github.com/rust-lang/crates.io-index)",
 "winapi 0.2.8 (registry+https://github.com/rust-lang/crates.io-index)",
]

[[package]]
name = "termios"
version = "0.2.2"
source = "registry+https://github.com/rust-lang/crates.io-index"
dependencies = [
 "libc 0.2.19 (registry+https://github.com/rust-lang/crates.io-index)",
]

[[package]]
name = "toml"
version = "0.2.1"
source = "registry+https://github.com/rust-lang/crates.io-index"
dependencies = [
 "serde 0.8.21 (registry+https://github.com/rust-lang/crates.io-index)",
]

[[package]]
name = "unicode-segmentation"
version = "0.1.3"
source = "registry+https://github.com/rust-lang/crates.io-index"

[[package]]
name = "unicode-width"
version = "0.1.4"
source = "registry+https://github.com/rust-lang/crates.io-index"

[[package]]
name = "unicode-xid"
version = "0.0.3"
source = "registry+https://github.com/rust-lang/crates.io-index"

[[package]]
name = "untrusted"
version = "0.3.2"
source = "registry+https://github.com/rust-lang/crates.io-index"

[[package]]
name = "vec_map"
version = "0.6.0"
source = "registry+https://github.com/rust-lang/crates.io-index"

[[package]]
name = "winapi"
version = "0.2.8"
source = "registry+https://github.com/rust-lang/crates.io-index"

[[package]]
name = "winapi-build"
version = "0.1.1"
source = "registry+https://github.com/rust-lang/crates.io-index"

[metadata]
"checksum ansi_term 0.9.0 (registry+https://github.com/rust-lang/crates.io-index)" = "23ac7c30002a5accbf7e8987d0632fa6de155b7c3d39d0067317a391e00a2ef6"
"checksum bitflags 0.7.0 (registry+https://github.com/rust-lang/crates.io-index)" = "aad18937a628ec6abcd26d1489012cc0e18c21798210f491af69ded9b881106d"
"checksum byteorder 1.0.0 (registry+https://github.com/rust-lang/crates.io-index)" = "c40977b0ee6b9885c9013cd41d9feffdd22deb3bb4dc3a71d901cc7a77de18c8"
"checksum clap 2.19.3 (registry+https://github.com/rust-lang/crates.io-index)" = "95b78f3fe0fc94c13c731714363260e04b557a637166f33a4570d3189d642374"
"checksum data-encoding 1.1.2 (registry+https://github.com/rust-lang/crates.io-index)" = "f13f03d68d1906eb3222536f5756953e30de4dff4417e5d428414fb8edb26723"
"checksum errno 0.2.1 (registry+https://github.com/rust-lang/crates.io-index)" = "69f4f6bb013e7cf131c839851eefc87fd975f56ffa1cab2cf3de7f0212a2dc4e"
"checksum kernel32-sys 0.2.2 (registry+https://github.com/rust-lang/crates.io-index)" = "7507624b29483431c0ba2d82aece8ca6cdba9382bff4ddd0f7490560c056098d"
"checksum lazy_static 0.2.2 (registry+https://github.com/rust-lang/crates.io-index)" = "6abe0ee2e758cd6bc8a2cd56726359007748fbf4128da998b65d0b70f881e19b"
"checksum libc 0.2.19 (registry+https://github.com/rust-lang/crates.io-index)" = "9e030dc72013ed68994d1b2cbf36a94dd0e58418ba949c4b0db7eeb70a7a6352"
"checksum quote 0.3.10 (registry+https://github.com/rust-lang/crates.io-index)" = "6732e32663c9c271bfc7c1823486b471f18c47a2dbf87c066897b7b51afc83be"
"checksum ring 0.6.1 (registry+https://github.com/rust-lang/crates.io-index)" = "5b7609de2b0dbc70eb7b27a1c2508aff1af9be7c05265ce19d98631b91281ee4"
"checksum ring-pwhash 0.1.1 (registry+https://github.com/rust-lang/crates.io-index)" = "160ba6feeefdba456b1fab7d904f0d4fc50d4b345330d851392b96b4678fd1fc"
"checksum rpassword 0.3.0 (registry+https://github.com/rust-lang/crates.io-index)" = "ab6e42be826e215f30ff830904f8f4a0933c6e2ae890e1af8b408f5bae60081e"
"checksum rustc-serialize 0.3.22 (registry+https://github.com/rust-lang/crates.io-index)" = "237546c689f20bb44980270c73c3b9edd0891c1be49cc1274406134a66d3957b"
"checksum serde 0.8.21 (registry+https://github.com/rust-lang/crates.io-index)" = "7b7c6bf11cf766473ea1d53eb4e3bc4e80f31f50082fc24077cf06f600279a66"
"checksum serde_codegen 0.8.21 (registry+https://github.com/rust-lang/crates.io-index)" = "64e0d87d19ec28bf431ffa9bad1f1e4ea3b381cd616c6cc56dca9eedbc7f6ab8"
"checksum serde_codegen_internals 0.11.3 (registry+https://github.com/rust-lang/crates.io-index)" = "afad7924a009f859f380e4a2e3a509a845c2ac66435fcead74a4d983b21ae806"
"checksum serde_derive 0.8.21 (registry+https://github.com/rust-lang/crates.io-index)" = "6e7ad1e74679b92730ca39c361ea125e2846df337c5d94d084eb2f7837c1843d"
"checksum strsim 0.5.2 (registry+https://github.com/rust-lang/crates.io-index)" = "67f84c44fbb2f91db7fef94554e6b2ac05909c9c0b0bc23bb98d3a1aebfe7f7c"
"checksum syn 0.10.6 (registry+https://github.com/rust-lang/crates.io-index)" = "17134635792e6a2361f53efbee798701796d8b5842c1c21b7cdb875e2950c8fc"
"checksum term_size 0.2.1 (registry+https://github.com/rust-lang/crates.io-index)" = "3f7f5f3f71b0040cecc71af239414c23fd3c73570f5ff54cf50e03cef637f2a0"
"checksum termios 0.2.2 (registry+https://github.com/rust-lang/crates.io-index)" = "d5d9cf598a6d7ce700a4e6a9199da127e6819a61e64b68609683cc9a01b5683a"
"checksum toml 0.2.1 (registry+https://github.com/rust-lang/crates.io-index)" = "736b60249cb25337bc196faa43ee12c705e426f3d55c214d73a4e7be06f92cb4"
"checksum unicode-segmentation 0.1.3 (registry+https://github.com/rust-lang/crates.io-index)" = "c3bc443ded17b11305ffffe6b37e2076f328a5a8cb6aa877b1b98f77699e98b5"
"checksum unicode-width 0.1.4 (registry+https://github.com/rust-lang/crates.io-index)" = "bf3a113775714a22dcb774d8ea3655c53a32debae63a063acc00a91cc586245f"
"checksum unicode-xid 0.0.3 (registry+https://github.com/rust-lang/crates.io-index)" = "36dff09cafb4ec7c8cf0023eb0b686cb6ce65499116a12201c9e11840ca01beb"
"checksum untrusted 0.3.2 (registry+https://github.com/rust-lang/crates.io-index)" = "193df64312e3515fd983ded55ad5bcaa7647a035804828ed757e832ce6029ef3"
"checksum vec_map 0.6.0 (registry+https://github.com/rust-lang/crates.io-index)" = "cac5efe5cb0fa14ec2f84f83c701c562ee63f6dcc680861b21d65c682adfb05f"
"checksum winapi 0.2.8 (registry+https://github.com/rust-lang/crates.io-index)" = "167dc9d6949a9b857f3451275e911c3f44255842c1f7a76f33c55103a909087a"
"checksum winapi-build 0.1.1 (registry+https://github.com/rust-lang/crates.io-index)" = "2d315eee3b34aca4797b2da6b13ed88266e6d612562a0c46390af8299fc699bc"
