[root]
name = "mpw"
version = "0.0.1"
dependencies = [
 "byteorder 0.5.3 (registry+https://github.com/rust-lang/crates.io-index)",
 "clap 2.11.0 (registry+https://github.com/rust-lang/crates.io-index)",
 "data-encoding 1.1.2 (registry+https://github.com/rust-lang/crates.io-index)",
 "hex 0.2.0 (registry+https://github.com/rust-lang/crates.io-index)",
 "lazy_static 0.2.1 (registry+https://github.com/rust-lang/crates.io-index)",
 "libc 0.2.15 (registry+https://github.com/rust-lang/crates.io-index)",
 "ring 0.4.0 (registry+https://github.com/rust-lang/crates.io-index)",
 "ring-pwhash 0.1.1 (registry+https://github.com/rust-lang/crates.io-index)",
 "rpassword 0.2.3 (registry+https://github.com/rust-lang/crates.io-index)",
 "serde 0.8.5 (registry+https://github.com/rust-lang/crates.io-index)",
 "serde_macros 0.8.5 (registry+https://github.com/rust-lang/crates.io-index)",
 "toml 0.2.0 (registry+https://github.com/rust-lang/crates.io-index)",
]

[[package]]
name = "ansi_term"
version = "0.8.0"
source = "registry+https://github.com/rust-lang/crates.io-index"

[[package]]
name = "aster"
version = "0.26.0"
source = "registry+https://github.com/rust-lang/crates.io-index"

[[package]]
name = "bitflags"
version = "0.7.0"
source = "registry+https://github.com/rust-lang/crates.io-index"

[[package]]
name = "byteorder"
version = "0.5.3"
source = "registry+https://github.com/rust-lang/crates.io-index"

[[package]]
name = "clap"
version = "2.11.0"
source = "registry+https://github.com/rust-lang/crates.io-index"
dependencies = [
 "ansi_term 0.8.0 (registry+https://github.com/rust-lang/crates.io-index)",
 "bitflags 0.7.0 (registry+https://github.com/rust-lang/crates.io-index)",
 "kernel32-sys 0.2.2 (registry+https://github.com/rust-lang/crates.io-index)",
 "libc 0.2.15 (registry+https://github.com/rust-lang/crates.io-index)",
 "strsim 0.5.1 (registry+https://github.com/rust-lang/crates.io-index)",
 "term_size 0.1.1 (registry+https://github.com/rust-lang/crates.io-index)",
 "unicode-segmentation 0.1.2 (registry+https://github.com/rust-lang/crates.io-index)",
 "unicode-width 0.1.3 (registry+https://github.com/rust-lang/crates.io-index)",
 "vec_map 0.6.0 (registry+https://github.com/rust-lang/crates.io-index)",
 "winapi 0.2.8 (registry+https://github.com/rust-lang/crates.io-index)",
]

[[package]]
name = "data-encoding"
version = "1.1.2"
source = "registry+https://github.com/rust-lang/crates.io-index"

[[package]]
name = "hex"
version = "0.2.0"
source = "registry+https://github.com/rust-lang/crates.io-index"

[[package]]
name = "kernel32-sys"
version = "0.2.2"
source = "registry+https://github.com/rust-lang/crates.io-index"
dependencies = [
 "winapi 0.2.8 (registry+https://github.com/rust-lang/crates.io-index)",
 "winapi-build 0.1.1 (registry+https://github.com/rust-lang/crates.io-index)",
]

[[package]]
name = "lazy_static"
version = "0.2.1"
source = "registry+https://github.com/rust-lang/crates.io-index"

[[package]]
name = "libc"
version = "0.2.15"
source = "registry+https://github.com/rust-lang/crates.io-index"

[[package]]
name = "quasi"
version = "0.19.0"
source = "registry+https://github.com/rust-lang/crates.io-index"

[[package]]
name = "quasi_codegen"
version = "0.19.0"
source = "registry+https://github.com/rust-lang/crates.io-index"
dependencies = [
 "aster 0.26.0 (registry+https://github.com/rust-lang/crates.io-index)",
]

[[package]]
name = "quasi_macros"
version = "0.19.0"
source = "registry+https://github.com/rust-lang/crates.io-index"
dependencies = [
 "quasi_codegen 0.19.0 (registry+https://github.com/rust-lang/crates.io-index)",
]

[[package]]
name = "ring"
version = "0.4.0"
source = "registry+https://github.com/rust-lang/crates.io-index"
dependencies = [
 "lazy_static 0.2.1 (registry+https://github.com/rust-lang/crates.io-index)",
 "untrusted 0.3.1 (registry+https://github.com/rust-lang/crates.io-index)",
]

[[package]]
name = "ring-pwhash"
version = "0.1.1"
source = "registry+https://github.com/rust-lang/crates.io-index"
dependencies = [
 "libc 0.2.15 (registry+https://github.com/rust-lang/crates.io-index)",
 "ring 0.4.0 (registry+https://github.com/rust-lang/crates.io-index)",
 "rustc-serialize 0.3.19 (registry+https://github.com/rust-lang/crates.io-index)",
]

[[package]]
name = "rpassword"
version = "0.2.3"
source = "registry+https://github.com/rust-lang/crates.io-index"
dependencies = [
 "kernel32-sys 0.2.2 (registry+https://github.com/rust-lang/crates.io-index)",
 "libc 0.2.15 (registry+https://github.com/rust-lang/crates.io-index)",
 "termios 0.2.2 (registry+https://github.com/rust-lang/crates.io-index)",
 "winapi 0.2.8 (registry+https://github.com/rust-lang/crates.io-index)",
]

[[package]]
name = "rustc-serialize"
version = "0.3.19"
source = "registry+https://github.com/rust-lang/crates.io-index"

[[package]]
name = "serde"
version = "0.8.5"
source = "registry+https://github.com/rust-lang/crates.io-index"

[[package]]
name = "serde_codegen"
version = "0.8.5"
source = "registry+https://github.com/rust-lang/crates.io-index"
dependencies = [
 "aster 0.26.0 (registry+https://github.com/rust-lang/crates.io-index)",
 "quasi 0.19.0 (registry+https://github.com/rust-lang/crates.io-index)",
 "quasi_macros 0.19.0 (registry+https://github.com/rust-lang/crates.io-index)",
 "serde_codegen_internals 0.8.0 (registry+https://github.com/rust-lang/crates.io-index)",
]

[[package]]
name = "serde_codegen_internals"
version = "0.8.0"
source = "registry+https://github.com/rust-lang/crates.io-index"

[[package]]
name = "serde_macros"
version = "0.8.5"
source = "registry+https://github.com/rust-lang/crates.io-index"
dependencies = [
 "serde_codegen 0.8.5 (registry+https://github.com/rust-lang/crates.io-index)",
]

[[package]]
name = "strsim"
version = "0.5.1"
source = "registry+https://github.com/rust-lang/crates.io-index"

[[package]]
name = "term_size"
version = "0.1.1"
source = "registry+https://github.com/rust-lang/crates.io-index"
dependencies = [
 "libc 0.2.15 (registry+https://github.com/rust-lang/crates.io-index)",
]

[[package]]
name = "termios"
version = "0.2.2"
source = "registry+https://github.com/rust-lang/crates.io-index"
dependencies = [
 "libc 0.2.15 (registry+https://github.com/rust-lang/crates.io-index)",
]

[[package]]
name = "toml"
version = "0.2.0"
source = "registry+https://github.com/rust-lang/crates.io-index"
dependencies = [
 "serde 0.8.5 (registry+https://github.com/rust-lang/crates.io-index)",
]

[[package]]
name = "unicode-segmentation"
version = "0.1.2"
source = "registry+https://github.com/rust-lang/crates.io-index"

[[package]]
name = "unicode-width"
version = "0.1.3"
source = "registry+https://github.com/rust-lang/crates.io-index"

[[package]]
name = "untrusted"
version = "0.3.1"
source = "registry+https://github.com/rust-lang/crates.io-index"

[[package]]
name = "vec_map"
version = "0.6.0"
source = "registry+https://github.com/rust-lang/crates.io-index"

[[package]]
name = "winapi"
version = "0.2.8"
source = "registry+https://github.com/rust-lang/crates.io-index"

[[package]]
name = "winapi-build"
version = "0.1.1"
source = "registry+https://github.com/rust-lang/crates.io-index"

[metadata]
"checksum ansi_term 0.8.0 (registry+https://github.com/rust-lang/crates.io-index)" = "c877397e09fec7a240af5fa74ad0124054b8066149d6544cd1ace93f8de3be68"
"checksum aster 0.26.0 (registry+https://github.com/rust-lang/crates.io-index)" = "3a0037a4daf6770939b7dd32cb4e8c607ee9fc18ffcc16be758edef5c00efcde"
"checksum bitflags 0.7.0 (registry+https://github.com/rust-lang/crates.io-index)" = "aad18937a628ec6abcd26d1489012cc0e18c21798210f491af69ded9b881106d"
"checksum byteorder 0.5.3 (registry+https://github.com/rust-lang/crates.io-index)" = "0fc10e8cc6b2580fda3f36eb6dc5316657f812a3df879a44a66fc9f0fdbc4855"
"checksum clap 2.11.0 (registry+https://github.com/rust-lang/crates.io-index)" = "62db8e9e3ab6792670f99338be3dbc416f8728ba5d874c33e27aa9933e534512"
"checksum data-encoding 1.1.2 (registry+https://github.com/rust-lang/crates.io-index)" = "f13f03d68d1906eb3222536f5756953e30de4dff4417e5d428414fb8edb26723"
"checksum hex 0.2.0 (registry+https://github.com/rust-lang/crates.io-index)" = "d6a22814455d41612f41161581c2883c0c6a1c41852729b17d5ed88f01e153aa"
"checksum kernel32-sys 0.2.2 (registry+https://github.com/rust-lang/crates.io-index)" = "7507624b29483431c0ba2d82aece8ca6cdba9382bff4ddd0f7490560c056098d"
"checksum lazy_static 0.2.1 (registry+https://github.com/rust-lang/crates.io-index)" = "49247ec2a285bb3dcb23cbd9c35193c025e7251bfce77c1d5da97e6362dffe7f"
"checksum libc 0.2.15 (registry+https://github.com/rust-lang/crates.io-index)" = "23e3757828fa702a20072c37ff47938e9dd331b92fac6e223d26d4b7a55f7ee2"
"checksum quasi 0.19.0 (registry+https://github.com/rust-lang/crates.io-index)" = "f9b160391362abca7c0e30cead65872b01b03f8371dee7441e130601c9b4d173"
"checksum quasi_codegen 0.19.0 (registry+https://github.com/rust-lang/crates.io-index)" = "bcc10982c4b09697fb79d7725ea5e33ef2b1ff934fdddefa3e83d4f8c50b8d34"
"checksum quasi_macros 0.19.0 (registry+https://github.com/rust-lang/crates.io-index)" = "f4debfba7bd3bfb3d93439a758e0fd9a6ba8c9b8fc0296bf989fe8f8e30de765"
"checksum ring 0.4.0 (registry+https://github.com/rust-lang/crates.io-index)" = "ecf8f9a031706b6da124a7d9bc4e41054720a70c41337aab27ccb1d6e55ec86c"
"checksum ring-pwhash 0.1.1 (registry+https://github.com/rust-lang/crates.io-index)" = "160ba6feeefdba456b1fab7d904f0d4fc50d4b345330d851392b96b4678fd1fc"
"checksum rpassword 0.2.3 (registry+https://github.com/rust-lang/crates.io-index)" = "320da1dfcf5c570a6c07ff60bb7cd4cdc986d2ea89caea139f2247371ab6a1df"
"checksum rustc-serialize 0.3.19 (registry+https://github.com/rust-lang/crates.io-index)" = "6159e4e6e559c81bd706afe9c8fd68f547d3e851ce12e76b1de7914bab61691b"
"checksum serde 0.8.5 (registry+https://github.com/rust-lang/crates.io-index)" = "955290813396c80e33650a3ab4a8cbc585e5ba8dbd9b153cbec57177f532af7e"
"checksum serde_codegen 0.8.5 (registry+https://github.com/rust-lang/crates.io-index)" = "c8ea2fe5057e7946a12d785311248cff9451af41d8469e7df94c76d35e0e5c59"
"checksum serde_codegen_internals 0.8.0 (registry+https://github.com/rust-lang/crates.io-index)" = "8488640b7caaa438eb05c74466f9fa91a61bb4e4e7520f3c1cfcf77fb10bdb61"
"checksum serde_macros 0.8.5 (registry+https://github.com/rust-lang/crates.io-index)" = "a21103f30f3184233d1da9122da9f260f259059649c5dc0df259c67e14b6539c"
"checksum strsim 0.5.1 (registry+https://github.com/rust-lang/crates.io-index)" = "50c069df92e4b01425a8bf3576d5d417943a6a7272fbabaf5bd80b1aaa76442e"
"checksum term_size 0.1.1 (registry+https://github.com/rust-lang/crates.io-index)" = "d470ef1b870a5c71e691676ff34397b175820fd35e30550e5244f35079be02bf"
"checksum termios 0.2.2 (registry+https://github.com/rust-lang/crates.io-index)" = "d5d9cf598a6d7ce700a4e6a9199da127e6819a61e64b68609683cc9a01b5683a"
"checksum toml 0.2.0 (registry+https://github.com/rust-lang/crates.io-index)" = "a442dfc13508e603c3f763274361db7f79d7469a0e95c411cde53662ab30fc72"
"checksum unicode-segmentation 0.1.2 (registry+https://github.com/rust-lang/crates.io-index)" = "b905d0fc2a1f0befd86b0e72e31d1787944efef9d38b9358a9e92a69757f7e3b"
"checksum unicode-width 0.1.3 (registry+https://github.com/rust-lang/crates.io-index)" = "2d6722facc10989f63ee0e20a83cd4e1714a9ae11529403ac7e0afd069abc39e"
"checksum untrusted 0.3.1 (registry+https://github.com/rust-lang/crates.io-index)" = "5d9bc0e6e73a10975d1fbff8ac3541e221181b0d8998351600fb5523de634c0d"
"checksum vec_map 0.6.0 (registry+https://github.com/rust-lang/crates.io-index)" = "cac5efe5cb0fa14ec2f84f83c701c562ee63f6dcc680861b21d65c682adfb05f"
"checksum winapi 0.2.8 (registry+https://github.com/rust-lang/crates.io-index)" = "167dc9d6949a9b857f3451275e911c3f44255842c1f7a76f33c55103a909087a"
"checksum winapi-build 0.1.1 (registry+https://github.com/rust-lang/crates.io-index)" = "2d315eee3b34aca4797b2da6b13ed88266e6d612562a0c46390af8299fc699bc"
